
Microsoft Visual Studio Solution File, Format Version 12.00
# Visual Studio Version 17
VisualStudioVersion = 17.5.33502.453
MinimumVisualStudioVersion = 10.0.40219.1
Project("{9A19103F-16F7-4668-BE54-9A1E7A4F7556}") = "Gyf_BackEnd_Api", "Gyf_BackEnd_Api\Gyf_BackEnd_Api.csproj", "{294C4E61-27BF-4E77-AA76-368A66B61674}"
EndProject
Project("{9A19103F-16F7-4668-BE54-9A1E7A4F7556}") = "GyfBackendApiPersistencia", "GyfBackendApiPersistencia\GyfBackendApiPersistencia.csproj", "{97CC8B30-270B-413F-B580-E2EC6F31EA6B}"
EndProject
Project("{FAE04EC0-301F-11D3-BF4B-00C04F79EFBC}") = "GyfBackendApiAplicacion", "GyfBackendApiAplicacion\GyfBackendApiAplicacion.csproj", "{A13BBDD2-EECC-4795-8A5D-3F9040B74A7C}"
EndProject
Project("{FAE04EC0-301F-11D3-BF4B-00C04F79EFBC}") = "GyfBackendApiDominio", "GyfBackendApiDominio\GyfBackendApiDominio.csproj", "{38BE0D6D-DD46-4958-A63E-3D11D0D02FE1}"
EndProject
Global
	GlobalSection(SolutionConfigurationPlatforms) = preSolution
		Debug|Any CPU = Debug|Any CPU
		Release|Any CPU = Release|Any CPU
	EndGlobalSection
	GlobalSection(ProjectConfigurationPlatforms) = postSolution
		{294C4E61-27BF-4E77-AA76-368A66B61674}.Debug|Any CPU.ActiveCfg = Debug|Any CPU
		{294C4E61-27BF-4E77-AA76-368A66B61674}.Debug|Any CPU.Build.0 = Debug|Any CPU
		{294C4E61-27BF-4E77-AA76-368A66B61674}.Release|Any CPU.ActiveCfg = Release|Any CPU
		{294C4E61-27BF-4E77-AA76-368A66B61674}.Release|Any CPU.Build.0 = Release|Any CPU
		{97CC8B30-270B-413F-B580-E2EC6F31EA6B}.Debug|Any CPU.ActiveCfg = Debug|Any CPU
		{97CC8B30-270B-413F-B580-E2EC6F31EA6B}.Debug|Any CPU.Build.0 = Debug|Any CPU
		{97CC8B30-270B-413F-B580-E2EC6F31EA6B}.Release|Any CPU.ActiveCfg = Release|Any CPU
		{97CC8B30-270B-413F-B580-E2EC6F31EA6B}.Release|Any CPU.Build.0 = Release|Any CPU
		{A13BBDD2-EECC-4795-8A5D-3F9040B74A7C}.Debug|Any CPU.ActiveCfg = Debug|Any CPU
		{A13BBDD2-EECC-4795-8A5D-3F9040B74A7C}.Debug|Any CPU.Build.0 = Debug|Any CPU
		{A13BBDD2-EECC-4795-8A5D-3F9040B74A7C}.Release|Any CPU.ActiveCfg = Release|Any CPU
		{A13BBDD2-EECC-4795-8A5D-3F9040B74A7C}.Release|Any CPU.Build.0 = Release|Any CPU
		{38BE0D6D-DD46-4958-A63E-3D11D0D02FE1}.Debug|Any CPU.ActiveCfg = Debug|Any CPU
		{38BE0D6D-DD46-4958-A63E-3D11D0D02FE1}.Debug|Any CPU.Build.0 = Debug|Any CPU
		{38BE0D6D-DD46-4958-A63E-3D11D0D02FE1}.Release|Any CPU.ActiveCfg = Release|Any CPU
		{38BE0D6D-DD46-4958-A63E-3D11D0D02FE1}.Release|Any CPU.Build.0 = Release|Any CPU
	EndGlobalSection
	GlobalSection(SolutionProperties) = preSolution
		HideSolutionNode = FALSE
	EndGlobalSection
	GlobalSection(ExtensibilityGlobals) = postSolution
		SolutionGuid = {DBE09F29-6BF9-4610-B14D-D10CEC9DD2C3}
	EndGlobalSection
EndGlobal
